// !$*UTF8*$!
{
	archiveVersion = 1;
	classes = {
	};
	objectVersion = 46;
	objects = {

/* Begin PBXBuildFile section */
		A616B77E1C75948B0061535B /* AppDelegate.swift in Sources */ = {isa = PBXBuildFile; fileRef = A616B77D1C75948B0061535B /* AppDelegate.swift */; };
		A616B7851C75948B0061535B /* Assets.xcassets in Resources */ = {isa = PBXBuildFile; fileRef = A616B7841C75948B0061535B /* Assets.xcassets */; };
		A616B7881C75948B0061535B /* LaunchScreen.storyboard in Resources */ = {isa = PBXBuildFile; fileRef = A616B7861C75948B0061535B /* LaunchScreen.storyboard */; };
		A61FFB8E1C7BF07B0049AA0A /* Back.swift in Sources */ = {isa = PBXBuildFile; fileRef = A61FFB7C1C7BF07B0049AA0A /* Back.swift */; };
		A61FFB8F1C7BF07B0049AA0A /* Bounce.swift in Sources */ = {isa = PBXBuildFile; fileRef = A61FFB7D1C7BF07B0049AA0A /* Bounce.swift */; };
		A61FFB901C7BF07B0049AA0A /* Circ.swift in Sources */ = {isa = PBXBuildFile; fileRef = A61FFB7E1C7BF07B0049AA0A /* Circ.swift */; };
		A61FFB911C7BF07B0049AA0A /* Cubic.swift in Sources */ = {isa = PBXBuildFile; fileRef = A61FFB7F1C7BF07B0049AA0A /* Cubic.swift */; };
		A61FFB921C7BF07B0049AA0A /* Ease.swift in Sources */ = {isa = PBXBuildFile; fileRef = A61FFB801C7BF07B0049AA0A /* Ease.swift */; };
		A61FFB931C7BF07B0049AA0A /* Elastic.swift in Sources */ = {isa = PBXBuildFile; fileRef = A61FFB811C7BF07B0049AA0A /* Elastic.swift */; };
		A61FFB941C7BF07B0049AA0A /* Expo.swift in Sources */ = {isa = PBXBuildFile; fileRef = A61FFB821C7BF07B0049AA0A /* Expo.swift */; };
		A61FFB951C7BF07B0049AA0A /* Linear.swift in Sources */ = {isa = PBXBuildFile; fileRef = A61FFB831C7BF07B0049AA0A /* Linear.swift */; };
		A61FFB961C7BF07B0049AA0A /* Quad.swift in Sources */ = {isa = PBXBuildFile; fileRef = A61FFB841C7BF07B0049AA0A /* Quad.swift */; };
		A61FFB971C7BF07B0049AA0A /* Quart.swift in Sources */ = {isa = PBXBuildFile; fileRef = A61FFB851C7BF07B0049AA0A /* Quart.swift */; };
		A61FFB981C7BF07B0049AA0A /* Quint.swift in Sources */ = {isa = PBXBuildFile; fileRef = A61FFB861C7BF07B0049AA0A /* Quint.swift */; };
		A61FFB991C7BF07B0049AA0A /* Sine.swift in Sources */ = {isa = PBXBuildFile; fileRef = A61FFB871C7BF07B0049AA0A /* Sine.swift */; };
		A61FFB9A1C7BF07B0049AA0A /* GTween.swift in Sources */ = {isa = PBXBuildFile; fileRef = A61FFB881C7BF07B0049AA0A /* GTween.swift */; };
		A61FFB9B1C7BF07B0049AA0A /* SetObject.swift in Sources */ = {isa = PBXBuildFile; fileRef = A61FFB8A1C7BF07B0049AA0A /* SetObject.swift */; };
		A61FFB9C1C7BF07B0049AA0A /* TweenConstraint.swift in Sources */ = {isa = PBXBuildFile; fileRef = A61FFB8B1C7BF07B0049AA0A /* TweenConstraint.swift */; };
		A61FFB9D1C7BF07B0049AA0A /* TweenGlobal.swift in Sources */ = {isa = PBXBuildFile; fileRef = A61FFB8C1C7BF07B0049AA0A /* TweenGlobal.swift */; };
		A61FFB9E1C7BF07B0049AA0A /* TweenObject.swift in Sources */ = {isa = PBXBuildFile; fileRef = A61FFB8D1C7BF07B0049AA0A /* TweenObject.swift */; };
		A61FFBA81C7BF3E20049AA0A /* CPLoadingView.swift in Sources */ = {isa = PBXBuildFile; fileRef = A61FFBA71C7BF3E20049AA0A /* CPLoadingView.swift */; };
		A61FFBAA1C7BFDB70049AA0A /* Backend.swift in Sources */ = {isa = PBXBuildFile; fileRef = A61FFBA91C7BFDB70049AA0A /* Backend.swift */; };
		A61FFBC31C7C01170049AA0A /* Alamofire.framework in Frameworks */ = {isa = PBXBuildFile; fileRef = A61FFBB61C7C00A00049AA0A /* Alamofire.framework */; };
		A61FFBC41C7C01170049AA0A /* Alamofire.framework in Embed Frameworks */ = {isa = PBXBuildFile; fileRef = A61FFBB61C7C00A00049AA0A /* Alamofire.framework */; settings = {ATTRIBUTES = (CodeSignOnCopy, RemoveHeadersOnCopy, ); }; };
		A61FFBCB1C7C1C1E0049AA0A /* Register.storyboard in Resources */ = {isa = PBXBuildFile; fileRef = A61FFBCA1C7C1C1E0049AA0A /* Register.storyboard */; };
		A61FFBCE1C7C1D0B0049AA0A /* RegisterPersonalDataViewController.swift in Sources */ = {isa = PBXBuildFile; fileRef = A61FFBCD1C7C1D0B0049AA0A /* RegisterPersonalDataViewController.swift */; };
		A61FFBD51C7C22E10049AA0A /* CoverRightLeftAnimation.swift in Sources */ = {isa = PBXBuildFile; fileRef = A61FFBD41C7C22E10049AA0A /* CoverRightLeftAnimation.swift */; };
		A61FFBD71C7C286E0049AA0A /* RegisterNavigationControllerViewController.swift in Sources */ = {isa = PBXBuildFile; fileRef = A61FFBD61C7C286E0049AA0A /* RegisterNavigationControllerViewController.swift */; };
		A68AF93D1C75FC5800DF9244 /* logo-white-1x.png in Resources */ = {isa = PBXBuildFile; fileRef = A68AF93A1C75FC5800DF9244 /* logo-white-1x.png */; };
		A68AF93E1C75FC5800DF9244 /* logo-white-3x.png in Resources */ = {isa = PBXBuildFile; fileRef = A68AF93B1C75FC5800DF9244 /* logo-white-3x.png */; };
		A68AF93F1C75FC5800DF9244 /* logo-white2x.png in Resources */ = {isa = PBXBuildFile; fileRef = A68AF93C1C75FC5800DF9244 /* logo-white2x.png */; };
		A68AF94E1C76058B00DF9244 /* LoginViewController.swift in Sources */ = {isa = PBXBuildFile; fileRef = A68AF94C1C76058B00DF9244 /* LoginViewController.swift */; };
		A68AF94F1C76058B00DF9244 /* LoginViewController.xib in Resources */ = {isa = PBXBuildFile; fileRef = A68AF94D1C76058B00DF9244 /* LoginViewController.xib */; };
		A69DCD931C7BD59800C1FA11 /* Validator.swift in Sources */ = {isa = PBXBuildFile; fileRef = A69DCD921C7BD59800C1FA11 /* Validator.swift */; };
		A69DCD951C7BD6D100C1FA11 /* Utils.swift in Sources */ = {isa = PBXBuildFile; fileRef = A69DCD941C7BD6D100C1FA11 /* Utils.swift */; };
		A6E11B3C1C764765005E0CEE /* Bariol_Bold.otf in Resources */ = {isa = PBXBuildFile; fileRef = A6E11B3B1C764765005E0CEE /* Bariol_Bold.otf */; };
		A6E11B3F1C76477B005E0CEE /* Bariol_Regular_Italic.otf in Resources */ = {isa = PBXBuildFile; fileRef = A6E11B3D1C76477B005E0CEE /* Bariol_Regular_Italic.otf */; };
		A6E11B401C76477B005E0CEE /* Bariol_Regular.otf in Resources */ = {isa = PBXBuildFile; fileRef = A6E11B3E1C76477B005E0CEE /* Bariol_Regular.otf */; };
/* End PBXBuildFile section */

/* Begin PBXContainerItemProxy section */
		A61FFBB51C7C00A00049AA0A /* PBXContainerItemProxy */ = {
			isa = PBXContainerItemProxy;
			containerPortal = A61FFBAB1C7C009F0049AA0A /* Alamofire.xcodeproj */;
			proxyType = 2;
			remoteGlobalIDString = F8111E3319A95C8B0040E7D1;
			remoteInfo = "Alamofire iOS";
		};
		A61FFBB71C7C00A00049AA0A /* PBXContainerItemProxy */ = {
			isa = PBXContainerItemProxy;
			containerPortal = A61FFBAB1C7C009F0049AA0A /* Alamofire.xcodeproj */;
			proxyType = 2;
			remoteGlobalIDString = F8111E3E19A95C8B0040E7D1;
			remoteInfo = "Alamofire iOS Tests";
		};
		A61FFBB91C7C00A00049AA0A /* PBXContainerItemProxy */ = {
			isa = PBXContainerItemProxy;
			containerPortal = A61FFBAB1C7C009F0049AA0A /* Alamofire.xcodeproj */;
			proxyType = 2;
			remoteGlobalIDString = 4DD67C0B1A5C55C900ED2280;
			remoteInfo = "Alamofire OSX";
		};
		A61FFBBB1C7C00A00049AA0A /* PBXContainerItemProxy */ = {
			isa = PBXContainerItemProxy;
			containerPortal = A61FFBAB1C7C009F0049AA0A /* Alamofire.xcodeproj */;
			proxyType = 2;
			remoteGlobalIDString = F829C6B21A7A94F100A2CD59;
			remoteInfo = "Alamofire OSX Tests";
		};
		A61FFBBD1C7C00A00049AA0A /* PBXContainerItemProxy */ = {
			isa = PBXContainerItemProxy;
			containerPortal = A61FFBAB1C7C009F0049AA0A /* Alamofire.xcodeproj */;
			proxyType = 2;
			remoteGlobalIDString = 4CF626EF1BA7CB3E0011A099;
			remoteInfo = "Alamofire tvOS";
		};
		A61FFBBF1C7C00A00049AA0A /* PBXContainerItemProxy */ = {
			isa = PBXContainerItemProxy;
			containerPortal = A61FFBAB1C7C009F0049AA0A /* Alamofire.xcodeproj */;
			proxyType = 2;
			remoteGlobalIDString = 4CF626F81BA7CB3E0011A099;
			remoteInfo = "Alamofire tvOS Tests";
		};
		A61FFBC11C7C00A00049AA0A /* PBXContainerItemProxy */ = {
			isa = PBXContainerItemProxy;
			containerPortal = A61FFBAB1C7C009F0049AA0A /* Alamofire.xcodeproj */;
			proxyType = 2;
			remoteGlobalIDString = E4202FE01B667AA100C997FB;
			remoteInfo = "Alamofire watchOS";
		};
		A61FFBC51C7C01170049AA0A /* PBXContainerItemProxy */ = {
			isa = PBXContainerItemProxy;
			containerPortal = A61FFBAB1C7C009F0049AA0A /* Alamofire.xcodeproj */;
			proxyType = 1;
			remoteGlobalIDString = F8111E3219A95C8B0040E7D1;
			remoteInfo = "Alamofire iOS";
		};
/* End PBXContainerItemProxy section */

/* Begin PBXCopyFilesBuildPhase section */
		A61FFBC71C7C01170049AA0A /* Embed Frameworks */ = {
			isa = PBXCopyFilesBuildPhase;
			buildActionMask = 2147483647;
			dstPath = "";
			dstSubfolderSpec = 10;
			files = (
				A61FFBC41C7C01170049AA0A /* Alamofire.framework in Embed Frameworks */,
			);
			name = "Embed Frameworks";
			runOnlyForDeploymentPostprocessing = 0;
		};
/* End PBXCopyFilesBuildPhase section */

/* Begin PBXFileReference section */
		A616B77A1C75948B0061535B /* aski.app */ = {isa = PBXFileReference; explicitFileType = wrapper.application; includeInIndex = 0; path = aski.app; sourceTree = BUILT_PRODUCTS_DIR; };
		A616B77D1C75948B0061535B /* AppDelegate.swift */ = {isa = PBXFileReference; lastKnownFileType = sourcecode.swift; path = AppDelegate.swift; sourceTree = "<group>"; };
		A616B7841C75948B0061535B /* Assets.xcassets */ = {isa = PBXFileReference; lastKnownFileType = folder.assetcatalog; path = Assets.xcassets; sourceTree = "<group>"; };
		A616B7871C75948B0061535B /* Base */ = {isa = PBXFileReference; lastKnownFileType = file.storyboard; name = Base; path = Base.lproj/LaunchScreen.storyboard; sourceTree = "<group>"; };
		A616B7891C75948B0061535B /* Info.plist */ = {isa = PBXFileReference; lastKnownFileType = text.plist.xml; path = Info.plist; sourceTree = "<group>"; };
		A61FFB7C1C7BF07B0049AA0A /* Back.swift */ = {isa = PBXFileReference; fileEncoding = 4; lastKnownFileType = sourcecode.swift; path = Back.swift; sourceTree = "<group>"; };
		A61FFB7D1C7BF07B0049AA0A /* Bounce.swift */ = {isa = PBXFileReference; fileEncoding = 4; lastKnownFileType = sourcecode.swift; path = Bounce.swift; sourceTree = "<group>"; };
		A61FFB7E1C7BF07B0049AA0A /* Circ.swift */ = {isa = PBXFileReference; fileEncoding = 4; lastKnownFileType = sourcecode.swift; path = Circ.swift; sourceTree = "<group>"; };
		A61FFB7F1C7BF07B0049AA0A /* Cubic.swift */ = {isa = PBXFileReference; fileEncoding = 4; lastKnownFileType = sourcecode.swift; path = Cubic.swift; sourceTree = "<group>"; };
		A61FFB801C7BF07B0049AA0A /* Ease.swift */ = {isa = PBXFileReference; fileEncoding = 4; lastKnownFileType = sourcecode.swift; path = Ease.swift; sourceTree = "<group>"; };
		A61FFB811C7BF07B0049AA0A /* Elastic.swift */ = {isa = PBXFileReference; fileEncoding = 4; lastKnownFileType = sourcecode.swift; path = Elastic.swift; sourceTree = "<group>"; };
		A61FFB821C7BF07B0049AA0A /* Expo.swift */ = {isa = PBXFileReference; fileEncoding = 4; lastKnownFileType = sourcecode.swift; path = Expo.swift; sourceTree = "<group>"; };
		A61FFB831C7BF07B0049AA0A /* Linear.swift */ = {isa = PBXFileReference; fileEncoding = 4; lastKnownFileType = sourcecode.swift; path = Linear.swift; sourceTree = "<group>"; };
		A61FFB841C7BF07B0049AA0A /* Quad.swift */ = {isa = PBXFileReference; fileEncoding = 4; lastKnownFileType = sourcecode.swift; path = Quad.swift; sourceTree = "<group>"; };
		A61FFB851C7BF07B0049AA0A /* Quart.swift */ = {isa = PBXFileReference; fileEncoding = 4; lastKnownFileType = sourcecode.swift; path = Quart.swift; sourceTree = "<group>"; };
		A61FFB861C7BF07B0049AA0A /* Quint.swift */ = {isa = PBXFileReference; fileEncoding = 4; lastKnownFileType = sourcecode.swift; path = Quint.swift; sourceTree = "<group>"; };
		A61FFB871C7BF07B0049AA0A /* Sine.swift */ = {isa = PBXFileReference; fileEncoding = 4; lastKnownFileType = sourcecode.swift; path = Sine.swift; sourceTree = "<group>"; };
		A61FFB881C7BF07B0049AA0A /* GTween.swift */ = {isa = PBXFileReference; fileEncoding = 4; lastKnownFileType = sourcecode.swift; path = GTween.swift; sourceTree = "<group>"; };
		A61FFB8A1C7BF07B0049AA0A /* SetObject.swift */ = {isa = PBXFileReference; fileEncoding = 4; lastKnownFileType = sourcecode.swift; path = SetObject.swift; sourceTree = "<group>"; };
		A61FFB8B1C7BF07B0049AA0A /* TweenConstraint.swift */ = {isa = PBXFileReference; fileEncoding = 4; lastKnownFileType = sourcecode.swift; path = TweenConstraint.swift; sourceTree = "<group>"; };
		A61FFB8C1C7BF07B0049AA0A /* TweenGlobal.swift */ = {isa = PBXFileReference; fileEncoding = 4; lastKnownFileType = sourcecode.swift; path = TweenGlobal.swift; sourceTree = "<group>"; };
		A61FFB8D1C7BF07B0049AA0A /* TweenObject.swift */ = {isa = PBXFileReference; fileEncoding = 4; lastKnownFileType = sourcecode.swift; path = TweenObject.swift; sourceTree = "<group>"; };
		A61FFBA71C7BF3E20049AA0A /* CPLoadingView.swift */ = {isa = PBXFileReference; fileEncoding = 4; lastKnownFileType = sourcecode.swift; path = CPLoadingView.swift; sourceTree = "<group>"; };
		A61FFBA91C7BFDB70049AA0A /* Backend.swift */ = {isa = PBXFileReference; fileEncoding = 4; lastKnownFileType = sourcecode.swift; path = Backend.swift; sourceTree = "<group>"; };
		A61FFBAB1C7C009F0049AA0A /* Alamofire.xcodeproj */ = {isa = PBXFileReference; lastKnownFileType = "wrapper.pb-project"; name = Alamofire.xcodeproj; path = Alamofire/Alamofire.xcodeproj; sourceTree = "<group>"; };
		A61FFBCA1C7C1C1E0049AA0A /* Register.storyboard */ = {isa = PBXFileReference; fileEncoding = 4; lastKnownFileType = file.storyboard; path = Register.storyboard; sourceTree = "<group>"; };
		A61FFBCD1C7C1D0B0049AA0A /* RegisterPersonalDataViewController.swift */ = {isa = PBXFileReference; fileEncoding = 4; lastKnownFileType = sourcecode.swift; path = RegisterPersonalDataViewController.swift; sourceTree = "<group>"; };
		A61FFBD41C7C22E10049AA0A /* CoverRightLeftAnimation.swift */ = {isa = PBXFileReference; fileEncoding = 4; lastKnownFileType = sourcecode.swift; path = CoverRightLeftAnimation.swift; sourceTree = "<group>"; };
		A61FFBD61C7C286E0049AA0A /* RegisterNavigationControllerViewController.swift */ = {isa = PBXFileReference; fileEncoding = 4; lastKnownFileType = sourcecode.swift; path = RegisterNavigationControllerViewController.swift; sourceTree = "<group>"; };
		A68AF93A1C75FC5800DF9244 /* logo-white-1x.png */ = {isa = PBXFileReference; lastKnownFileType = image.png; name = "logo-white-1x.png"; path = "media/logo-white-1x.png"; sourceTree = SOURCE_ROOT; };
		A68AF93B1C75FC5800DF9244 /* logo-white-3x.png */ = {isa = PBXFileReference; lastKnownFileType = image.png; name = "logo-white-3x.png"; path = "media/logo-white-3x.png"; sourceTree = SOURCE_ROOT; };
		A68AF93C1C75FC5800DF9244 /* logo-white2x.png */ = {isa = PBXFileReference; lastKnownFileType = image.png; name = "logo-white2x.png"; path = "media/logo-white2x.png"; sourceTree = SOURCE_ROOT; };
		A68AF94C1C76058B00DF9244 /* LoginViewController.swift */ = {isa = PBXFileReference; fileEncoding = 4; lastKnownFileType = sourcecode.swift; path = LoginViewController.swift; sourceTree = "<group>"; };
		A68AF94D1C76058B00DF9244 /* LoginViewController.xib */ = {isa = PBXFileReference; fileEncoding = 4; lastKnownFileType = file.xib; path = LoginViewController.xib; sourceTree = "<group>"; };
		A68AF9501C763C0200DF9244 /* layout-01.jpg */ = {isa = PBXFileReference; lastKnownFileType = image.jpeg; name = "layout-01.jpg"; path = "../../../../../../../Desktop/GUIDE/ASKI/layout-01.jpg"; sourceTree = "<group>"; };
		A69DCD921C7BD59800C1FA11 /* Validator.swift */ = {isa = PBXFileReference; fileEncoding = 4; lastKnownFileType = sourcecode.swift; path = Validator.swift; sourceTree = "<group>"; };
		A69DCD941C7BD6D100C1FA11 /* Utils.swift */ = {isa = PBXFileReference; fileEncoding = 4; lastKnownFileType = sourcecode.swift; path = Utils.swift; sourceTree = "<group>"; };
		A6E11B3B1C764765005E0CEE /* Bariol_Bold.otf */ = {isa = PBXFileReference; lastKnownFileType = file; path = Bariol_Bold.otf; sourceTree = "<group>"; };
		A6E11B3D1C76477B005E0CEE /* Bariol_Regular_Italic.otf */ = {isa = PBXFileReference; lastKnownFileType = file; path = Bariol_Regular_Italic.otf; sourceTree = "<group>"; };
		A6E11B3E1C76477B005E0CEE /* Bariol_Regular.otf */ = {isa = PBXFileReference; lastKnownFileType = file; path = Bariol_Regular.otf; sourceTree = "<group>"; };
/* End PBXFileReference section */

/* Begin PBXFrameworksBuildPhase section */
		A616B7771C75948B0061535B /* Frameworks */ = {
			isa = PBXFrameworksBuildPhase;
			buildActionMask = 2147483647;
			files = (
				A61FFBC31C7C01170049AA0A /* Alamofire.framework in Frameworks */,
			);
			runOnlyForDeploymentPostprocessing = 0;
		};
/* End PBXFrameworksBuildPhase section */

/* Begin PBXGroup section */
		A616B7711C75948B0061535B = {
			isa = PBXGroup;
			children = (
				A61FFB791C7BF07B0049AA0A /* Libraries */,
				A616B77C1C75948B0061535B /* aski */,
				A616B77B1C75948B0061535B /* Products */,
			);
			sourceTree = "<group>";
		};
		A616B77B1C75948B0061535B /* Products */ = {
			isa = PBXGroup;
			children = (
				A616B77A1C75948B0061535B /* aski.app */,
			);
			name = Products;
			sourceTree = "<group>";
		};
		A616B77C1C75948B0061535B /* aski */ = {
			isa = PBXGroup;
			children = (
				A61FFBCF1C7C1F530049AA0A /* animators */,
				A69DCD911C7BD57D00C1FA11 /* core */,
				A68AF9491C76045200DF9244 /* views */,
				A68AF9401C75FC5D00DF9244 /* media */,
				A616B77D1C75948B0061535B /* AppDelegate.swift */,
				A616B7841C75948B0061535B /* Assets.xcassets */,
				A616B7861C75948B0061535B /* LaunchScreen.storyboard */,
				A616B7891C75948B0061535B /* Info.plist */,
				A61FFBCA1C7C1C1E0049AA0A /* Register.storyboard */,
			);
			path = aski;
			sourceTree = "<group>";
		};
		A61FFB791C7BF07B0049AA0A /* Libraries */ = {
			isa = PBXGroup;
			children = (
				A61FFBAB1C7C009F0049AA0A /* Alamofire.xcodeproj */,
				A61FFBA61C7BF3E20049AA0A /* CPLoading */,
				A61FFB7A1C7BF07B0049AA0A /* GTween */,
			);
			path = Libraries;
			sourceTree = "<group>";
		};
		A61FFB7A1C7BF07B0049AA0A /* GTween */ = {
			isa = PBXGroup;
			children = (
				A61FFB7B1C7BF07B0049AA0A /* ease */,
				A61FFB881C7BF07B0049AA0A /* GTween.swift */,
				A61FFB891C7BF07B0049AA0A /* plugins */,
			);
			path = GTween;
			sourceTree = "<group>";
		};
		A61FFB7B1C7BF07B0049AA0A /* ease */ = {
			isa = PBXGroup;
			children = (
				A61FFB7C1C7BF07B0049AA0A /* Back.swift */,
				A61FFB7D1C7BF07B0049AA0A /* Bounce.swift */,
				A61FFB7E1C7BF07B0049AA0A /* Circ.swift */,
				A61FFB7F1C7BF07B0049AA0A /* Cubic.swift */,
				A61FFB801C7BF07B0049AA0A /* Ease.swift */,
				A61FFB811C7BF07B0049AA0A /* Elastic.swift */,
				A61FFB821C7BF07B0049AA0A /* Expo.swift */,
				A61FFB831C7BF07B0049AA0A /* Linear.swift */,
				A61FFB841C7BF07B0049AA0A /* Quad.swift */,
				A61FFB851C7BF07B0049AA0A /* Quart.swift */,
				A61FFB861C7BF07B0049AA0A /* Quint.swift */,
				A61FFB871C7BF07B0049AA0A /* Sine.swift */,
			);
			path = ease;
			sourceTree = "<group>";
		};
		A61FFB891C7BF07B0049AA0A /* plugins */ = {
			isa = PBXGroup;
			children = (
				A61FFB8A1C7BF07B0049AA0A /* SetObject.swift */,
				A61FFB8B1C7BF07B0049AA0A /* TweenConstraint.swift */,
				A61FFB8C1C7BF07B0049AA0A /* TweenGlobal.swift */,
				A61FFB8D1C7BF07B0049AA0A /* TweenObject.swift */,
			);
			path = plugins;
			sourceTree = "<group>";
		};
		A61FFBA61C7BF3E20049AA0A /* CPLoading */ = {
			isa = PBXGroup;
			children = (
				A61FFBA71C7BF3E20049AA0A /* CPLoadingView.swift */,
			);
			path = CPLoading;
			sourceTree = "<group>";
		};
		A61FFBAC1C7C009F0049AA0A /* Products */ = {
			isa = PBXGroup;
			children = (
				A61FFBB61C7C00A00049AA0A /* Alamofire.framework */,
				A61FFBB81C7C00A00049AA0A /* Alamofire iOS Tests.xctest */,
				A61FFBBA1C7C00A00049AA0A /* Alamofire.framework */,
				A61FFBBC1C7C00A00049AA0A /* Alamofire OSX Tests.xctest */,
				A61FFBBE1C7C00A00049AA0A /* Alamofire.framework */,
				A61FFBC01C7C00A00049AA0A /* Alamofire tvOS Tests.xctest */,
				A61FFBC21C7C00A00049AA0A /* Alamofire.framework */,
			);
			name = Products;
			sourceTree = "<group>";
		};
		A61FFBCC1C7C1CF30049AA0A /* register */ = {
			isa = PBXGroup;
			children = (
				A61FFBCD1C7C1D0B0049AA0A /* RegisterPersonalDataViewController.swift */,
				A61FFBD61C7C286E0049AA0A /* RegisterNavigationControllerViewController.swift */,
			);
			name = register;
			sourceTree = "<group>";
		};
		A61FFBCF1C7C1F530049AA0A /* animators */ = {
			isa = PBXGroup;
			children = (
				A61FFBD41C7C22E10049AA0A /* CoverRightLeftAnimation.swift */,
			);
			name = animators;
			sourceTree = "<group>";
		};
		A68AF9401C75FC5D00DF9244 /* media */ = {
			isa = PBXGroup;
			children = (
				A6E11B3D1C76477B005E0CEE /* Bariol_Regular_Italic.otf */,
				A6E11B3E1C76477B005E0CEE /* Bariol_Regular.otf */,
				A6E11B3B1C764765005E0CEE /* Bariol_Bold.otf */,
				A68AF9501C763C0200DF9244 /* layout-01.jpg */,
				A68AF93A1C75FC5800DF9244 /* logo-white-1x.png */,
				A68AF93B1C75FC5800DF9244 /* logo-white-3x.png */,
				A68AF93C1C75FC5800DF9244 /* logo-white2x.png */,
			);
			name = media;
			sourceTree = "<group>";
		};
		A68AF9491C76045200DF9244 /* views */ = {
			isa = PBXGroup;
			children = (
				A61FFBCC1C7C1CF30049AA0A /* register */,
				A68AF94C1C76058B00DF9244 /* LoginViewController.swift */,
				A68AF94D1C76058B00DF9244 /* LoginViewController.xib */,
			);
			name = views;
			sourceTree = "<group>";
		};
		A69DCD911C7BD57D00C1FA11 /* core */ = {
			isa = PBXGroup;
			children = (
				A69DCD921C7BD59800C1FA11 /* Validator.swift */,
				A69DCD941C7BD6D100C1FA11 /* Utils.swift */,
				A61FFBA91C7BFDB70049AA0A /* Backend.swift */,
			);
			name = core;
			sourceTree = "<group>";
		};
/* End PBXGroup section */

/* Begin PBXNativeTarget section */
		A616B7791C75948B0061535B /* aski */ = {
			isa = PBXNativeTarget;
			buildConfigurationList = A616B78C1C75948B0061535B /* Build configuration list for PBXNativeTarget "aski" */;
			buildPhases = (
				A616B7761C75948B0061535B /* Sources */,
				A616B7771C75948B0061535B /* Frameworks */,
				A616B7781C75948B0061535B /* Resources */,
				A61FFBC71C7C01170049AA0A /* Embed Frameworks */,
			);
			buildRules = (
			);
			dependencies = (
				A61FFBC61C7C01170049AA0A /* PBXTargetDependency */,
			);
			name = aski;
			productName = aski;
			productReference = A616B77A1C75948B0061535B /* aski.app */;
			productType = "com.apple.product-type.application";
		};
/* End PBXNativeTarget section */

/* Begin PBXProject section */
		A616B7721C75948B0061535B /* Project object */ = {
			isa = PBXProject;
			attributes = {
				LastSwiftUpdateCheck = 0720;
				LastUpgradeCheck = 0720;
				ORGANIZATIONNAME = "LUIZ RICARDO SORDI";
				TargetAttributes = {
					A616B7791C75948B0061535B = {
						CreatedOnToolsVersion = 7.2.1;
					};
				};
			};
			buildConfigurationList = A616B7751C75948B0061535B /* Build configuration list for PBXProject "aski" */;
			compatibilityVersion = "Xcode 3.2";
			developmentRegion = English;
			hasScannedForEncodings = 0;
			knownRegions = (
				en,
				Base,
			);
			mainGroup = A616B7711C75948B0061535B;
			productRefGroup = A616B77B1C75948B0061535B /* Products */;
			projectDirPath = "";
			projectReferences = (
				{
					ProductGroup = A61FFBAC1C7C009F0049AA0A /* Products */;
					ProjectRef = A61FFBAB1C7C009F0049AA0A /* Alamofire.xcodeproj */;
				},
			);
			projectRoot = "";
			targets = (
				A616B7791C75948B0061535B /* aski */,
			);
		};
/* End PBXProject section */

/* Begin PBXReferenceProxy section */
		A61FFBB61C7C00A00049AA0A /* Alamofire.framework */ = {
			isa = PBXReferenceProxy;
			fileType = wrapper.framework;
			path = Alamofire.framework;
			remoteRef = A61FFBB51C7C00A00049AA0A /* PBXContainerItemProxy */;
			sourceTree = BUILT_PRODUCTS_DIR;
		};
		A61FFBB81C7C00A00049AA0A /* Alamofire iOS Tests.xctest */ = {
			isa = PBXReferenceProxy;
			fileType = wrapper.cfbundle;
			path = "Alamofire iOS Tests.xctest";
			remoteRef = A61FFBB71C7C00A00049AA0A /* PBXContainerItemProxy */;
			sourceTree = BUILT_PRODUCTS_DIR;
		};
		A61FFBBA1C7C00A00049AA0A /* Alamofire.framework */ = {
			isa = PBXReferenceProxy;
			fileType = wrapper.framework;
			path = Alamofire.framework;
			remoteRef = A61FFBB91C7C00A00049AA0A /* PBXContainerItemProxy */;
			sourceTree = BUILT_PRODUCTS_DIR;
		};
		A61FFBBC1C7C00A00049AA0A /* Alamofire OSX Tests.xctest */ = {
			isa = PBXReferenceProxy;
			fileType = wrapper.cfbundle;
			path = "Alamofire OSX Tests.xctest";
			remoteRef = A61FFBBB1C7C00A00049AA0A /* PBXContainerItemProxy */;
			sourceTree = BUILT_PRODUCTS_DIR;
		};
		A61FFBBE1C7C00A00049AA0A /* Alamofire.framework */ = {
			isa = PBXReferenceProxy;
			fileType = wrapper.framework;
			path = Alamofire.framework;
			remoteRef = A61FFBBD1C7C00A00049AA0A /* PBXContainerItemProxy */;
			sourceTree = BUILT_PRODUCTS_DIR;
		};
		A61FFBC01C7C00A00049AA0A /* Alamofire tvOS Tests.xctest */ = {
			isa = PBXReferenceProxy;
			fileType = wrapper.cfbundle;
			path = "Alamofire tvOS Tests.xctest";
			remoteRef = A61FFBBF1C7C00A00049AA0A /* PBXContainerItemProxy */;
			sourceTree = BUILT_PRODUCTS_DIR;
		};
		A61FFBC21C7C00A00049AA0A /* Alamofire.framework */ = {
			isa = PBXReferenceProxy;
			fileType = wrapper.framework;
			path = Alamofire.framework;
			remoteRef = A61FFBC11C7C00A00049AA0A /* PBXContainerItemProxy */;
			sourceTree = BUILT_PRODUCTS_DIR;
		};
/* End PBXReferenceProxy section */

/* Begin PBXResourcesBuildPhase section */
		A616B7781C75948B0061535B /* Resources */ = {
			isa = PBXResourcesBuildPhase;
			buildActionMask = 2147483647;
			files = (
				A68AF93F1C75FC5800DF9244 /* logo-white2x.png in Resources */,
				A68AF93D1C75FC5800DF9244 /* logo-white-1x.png in Resources */,
				A68AF94F1C76058B00DF9244 /* LoginViewController.xib in Resources */,
				A616B7881C75948B0061535B /* LaunchScreen.storyboard in Resources */,
				A68AF93E1C75FC5800DF9244 /* logo-white-3x.png in Resources */,
				A616B7851C75948B0061535B /* Assets.xcassets in Resources */,
				A6E11B3C1C764765005E0CEE /* Bariol_Bold.otf in Resources */,
				A6E11B3F1C76477B005E0CEE /* Bariol_Regular_Italic.otf in Resources */,
				A6E11B401C76477B005E0CEE /* Bariol_Regular.otf in Resources */,
				A61FFBCB1C7C1C1E0049AA0A /* Register.storyboard in Resources */,
			);
			runOnlyForDeploymentPostprocessing = 0;
		};
/* End PBXResourcesBuildPhase section */

/* Begin PBXSourcesBuildPhase section */
		A616B7761C75948B0061535B /* Sources */ = {
			isa = PBXSourcesBuildPhase;
			buildActionMask = 2147483647;
			files = (
				A61FFB9E1C7BF07B0049AA0A /* TweenObject.swift in Sources */,
				A61FFBD51C7C22E10049AA0A /* CoverRightLeftAnimation.swift in Sources */,
				A61FFB981C7BF07B0049AA0A /* Quint.swift in Sources */,
				A68AF94E1C76058B00DF9244 /* LoginViewController.swift in Sources */,
				A616B77E1C75948B0061535B /* AppDelegate.swift in Sources */,
				A61FFB951C7BF07B0049AA0A /* Linear.swift in Sources */,
				A61FFB9C1C7BF07B0049AA0A /* TweenConstraint.swift in Sources */,
				A61FFB991C7BF07B0049AA0A /* Sine.swift in Sources */,
				A61FFB971C7BF07B0049AA0A /* Quart.swift in Sources */,
				A61FFBD71C7C286E0049AA0A /* RegisterNavigationControllerViewController.swift in Sources */,
				A61FFB941C7BF07B0049AA0A /* Expo.swift in Sources */,
				A61FFB921C7BF07B0049AA0A /* Ease.swift in Sources */,
				A61FFBAA1C7BFDB70049AA0A /* Backend.swift in Sources */,
				A61FFB931C7BF07B0049AA0A /* Elastic.swift in Sources */,
				A69DCD931C7BD59800C1FA11 /* Validator.swift in Sources */,
				A61FFB961C7BF07B0049AA0A /* Quad.swift in Sources */,
				A61FFB8F1C7BF07B0049AA0A /* Bounce.swift in Sources */,
				A61FFB911C7BF07B0049AA0A /* Cubic.swift in Sources */,
				A61FFB9A1C7BF07B0049AA0A /* GTween.swift in Sources */,
				A61FFB901C7BF07B0049AA0A /* Circ.swift in Sources */,
				A61FFB9D1C7BF07B0049AA0A /* TweenGlobal.swift in Sources */,
				A61FFB9B1C7BF07B0049AA0A /* SetObject.swift in Sources */,
				A61FFB8E1C7BF07B0049AA0A /* Back.swift in Sources */,
				A61FFBCE1C7C1D0B0049AA0A /* RegisterPersonalDataViewController.swift in Sources */,
				A61FFBA81C7BF3E20049AA0A /* CPLoadingView.swift in Sources */,
				A69DCD951C7BD6D100C1FA11 /* Utils.swift in Sources */,
			);
			runOnlyForDeploymentPostprocessing = 0;
		};
/* End PBXSourcesBuildPhase section */

/* Begin PBXTargetDependency section */
		A61FFBC61C7C01170049AA0A /* PBXTargetDependency */ = {
			isa = PBXTargetDependency;
			name = "Alamofire iOS";
			targetProxy = A61FFBC51C7C01170049AA0A /* PBXContainerItemProxy */;
		};
/* End PBXTargetDependency section */

/* Begin PBXVariantGroup section */
		A616B7861C75948B0061535B /* LaunchScreen.storyboard */ = {
			isa = PBXVariantGroup;
			children = (
				A616B7871C75948B0061535B /* Base */,
			);
			name = LaunchScreen.storyboard;
			sourceTree = "<group>";
		};
/* End PBXVariantGroup section */

/* Begin XCBuildConfiguration section */
		A616B78A1C75948B0061535B /* Debug */ = {
			isa = XCBuildConfiguration;
			buildSettings = {
				ALWAYS_SEARCH_USER_PATHS = NO;
				CLANG_CXX_LANGUAGE_STANDARD = "gnu++0x";
				CLANG_CXX_LIBRARY = "libc++";
				CLANG_ENABLE_MODULES = YES;
				CLANG_ENABLE_OBJC_ARC = YES;
				CLANG_WARN_BOOL_CONVERSION = YES;
				CLANG_WARN_CONSTANT_CONVERSION = YES;
				CLANG_WARN_DIRECT_OBJC_ISA_USAGE = YES_ERROR;
				CLANG_WARN_EMPTY_BODY = YES;
				CLANG_WARN_ENUM_CONVERSION = YES;
				CLANG_WARN_INT_CONVERSION = YES;
				CLANG_WARN_OBJC_ROOT_CLASS = YES_ERROR;
				CLANG_WARN_UNREACHABLE_CODE = YES;
				CLANG_WARN__DUPLICATE_METHOD_MATCH = YES;
				"CODE_SIGN_IDENTITY[sdk=iphoneos*]" = "iPhone Developer";
				COPY_PHASE_STRIP = NO;
				DEBUG_INFORMATION_FORMAT = dwarf;
				ENABLE_STRICT_OBJC_MSGSEND = YES;
				ENABLE_TESTABILITY = YES;
				GCC_C_LANGUAGE_STANDARD = gnu99;
				GCC_DYNAMIC_NO_PIC = NO;
				GCC_NO_COMMON_BLOCKS = YES;
				GCC_OPTIMIZATION_LEVEL = 0;
				GCC_PREPROCESSOR_DEFINITIONS = (
					"DEBUG=1",
					"$(inherited)",
				);
				GCC_WARN_64_TO_32_BIT_CONVERSION = YES;
				GCC_WARN_ABOUT_RETURN_TYPE = YES_ERROR;
				GCC_WARN_UNDECLARED_SELECTOR = YES;
				GCC_WARN_UNINITIALIZED_AUTOS = YES_AGGRESSIVE;
				GCC_WARN_UNUSED_FUNCTION = YES;
				GCC_WARN_UNUSED_VARIABLE = YES;
				IPHONEOS_DEPLOYMENT_TARGET = 9.2;
				MTL_ENABLE_DEBUG_INFO = YES;
				ONLY_ACTIVE_ARCH = YES;
				SDKROOT = iphoneos;
				SWIFT_OPTIMIZATION_LEVEL = "-Onone";
			};
			name = Debug;
		};
		A616B78B1C75948B0061535B /* Release */ = {
			isa = XCBuildConfiguration;
			buildSettings = {
				ALWAYS_SEARCH_USER_PATHS = NO;
				CLANG_CXX_LANGUAGE_STANDARD = "gnu++0x";
				CLANG_CXX_LIBRARY = "libc++";
				CLANG_ENABLE_MODULES = YES;
				CLANG_ENABLE_OBJC_ARC = YES;
				CLANG_WARN_BOOL_CONVERSION = YES;
				CLANG_WARN_CONSTANT_CONVERSION = YES;
				CLANG_WARN_DIRECT_OBJC_ISA_USAGE = YES_ERROR;
				CLANG_WARN_EMPTY_BODY = YES;
				CLANG_WARN_ENUM_CONVERSION = YES;
				CLANG_WARN_INT_CONVERSION = YES;
				CLANG_WARN_OBJC_ROOT_CLASS = YES_ERROR;
				CLANG_WARN_UNREACHABLE_CODE = YES;
				CLANG_WARN__DUPLICATE_METHOD_MATCH = YES;
				"CODE_SIGN_IDENTITY[sdk=iphoneos*]" = "iPhone Developer";
				COPY_PHASE_STRIP = NO;
				DEBUG_INFORMATION_FORMAT = "dwarf-with-dsym";
				ENABLE_NS_ASSERTIONS = NO;
				ENABLE_STRICT_OBJC_MSGSEND = YES;
				GCC_C_LANGUAGE_STANDARD = gnu99;
				GCC_NO_COMMON_BLOCKS = YES;
				GCC_WARN_64_TO_32_BIT_CONVERSION = YES;
				GCC_WARN_ABOUT_RETURN_TYPE = YES_ERROR;
				GCC_WARN_UNDECLARED_SELECTOR = YES;
				GCC_WARN_UNINITIALIZED_AUTOS = YES_AGGRESSIVE;
				GCC_WARN_UNUSED_FUNCTION = YES;
				GCC_WARN_UNUSED_VARIABLE = YES;
				IPHONEOS_DEPLOYMENT_TARGET = 9.2;
				MTL_ENABLE_DEBUG_INFO = NO;
				SDKROOT = iphoneos;
				VALIDATE_PRODUCT = YES;
			};
			name = Release;
		};
		A616B78D1C75948B0061535B /* Debug */ = {
			isa = XCBuildConfiguration;
			buildSettings = {
				ASSETCATALOG_COMPILER_APPICON_NAME = AppIcon;
				EMBEDDED_CONTENT_CONTAINS_SWIFT = YES;
				INFOPLIST_FILE = aski/Info.plist;
				IPHONEOS_DEPLOYMENT_TARGET = 8.0;
				LD_RUNPATH_SEARCH_PATHS = "$(inherited) @executable_path/Frameworks";
				PRODUCT_BUNDLE_IDENTIFIER = com.luizsordi.apps.aski;
				PRODUCT_NAME = "$(TARGET_NAME)";
			};
			name = Debug;
		};
		A616B78E1C75948B0061535B /* Release */ = {
			isa = XCBuildConfiguration;
			buildSettings = {
				ASSETCATALOG_COMPILER_APPICON_NAME = AppIcon;
				EMBEDDED_CONTENT_CONTAINS_SWIFT = YES;
				INFOPLIST_FILE = aski/Info.plist;
				IPHONEOS_DEPLOYMENT_TARGET = 8.0;
				LD_RUNPATH_SEARCH_PATHS = "$(inherited) @executable_path/Frameworks";
				PRODUCT_BUNDLE_IDENTIFIER = com.luizsordi.apps.aski;
				PRODUCT_NAME = "$(TARGET_NAME)";
			};
			name = Release;
		};
/* End XCBuildConfiguration section */

/* Begin XCConfigurationList section */
		A616B7751C75948B0061535B /* Build configuration list for PBXProject "aski" */ = {
			isa = XCConfigurationList;
			buildConfigurations = (
				A616B78A1C75948B0061535B /* Debug */,
				A616B78B1C75948B0061535B /* Release */,
			);
			defaultConfigurationIsVisible = 0;
			defaultConfigurationName = Release;
		};
		A616B78C1C75948B0061535B /* Build configuration list for PBXNativeTarget "aski" */ = {
			isa = XCConfigurationList;
			buildConfigurations = (
				A616B78D1C75948B0061535B /* Debug */,
				A616B78E1C75948B0061535B /* Release */,
			);
			defaultConfigurationIsVisible = 0;
			defaultConfigurationName = Release;
		};
/* End XCConfigurationList section */
	};
	rootObject = A616B7721C75948B0061535B /* Project object */;
}
